// !$*UTF8*$!
{
	archiveVersion = 1;
	classes = {
	};
	objectVersion = 46;
	objects = {

/* Begin PBXBuildFile section */
		8D795CE01C605BC40094DC92 /* main.m in Sources */ = {isa = PBXBuildFile; fileRef = 8D795CDF1C605BC30094DC92 /* main.m */; };
		8D795CE31C605BC40094DC92 /* AppDelegate.m in Sources */ = {isa = PBXBuildFile; fileRef = 8D795CE21C605BC40094DC92 /* AppDelegate.m */; };
		8D795CE61C605BC40094DC92 /* ViewController.m in Sources */ = {isa = PBXBuildFile; fileRef = 8D795CE51C605BC40094DC92 /* ViewController.m */; };
		8D795CE91C605BC40094DC92 /* Main.storyboard in Resources */ = {isa = PBXBuildFile; fileRef = 8D795CE71C605BC40094DC92 /* Main.storyboard */; };
		8D795CEB1C605BC40094DC92 /* Assets.xcassets in Resources */ = {isa = PBXBuildFile; fileRef = 8D795CEA1C605BC40094DC92 /* Assets.xcassets */; };
		8D795CEE1C605BC40094DC92 /* LaunchScreen.storyboard in Resources */ = {isa = PBXBuildFile; fileRef = 8D795CEC1C605BC40094DC92 /* LaunchScreen.storyboard */; };
		8D795CF91C605BC40094DC92 /* Caf2Mp3Tests.m in Sources */ = {isa = PBXBuildFile; fileRef = 8D795CF81C605BC40094DC92 /* Caf2Mp3Tests.m */; };
		8D795D041C605BC40094DC92 /* Caf2Mp3UITests.m in Sources */ = {isa = PBXBuildFile; fileRef = 8D795D031C605BC40094DC92 /* Caf2Mp3UITests.m */; };
		8D795D131C605BEE0094DC92 /* libmp3lame.a in Frameworks */ = {isa = PBXBuildFile; fileRef = 8D795D121C605BEE0094DC92 /* libmp3lame.a */; };
/* End PBXBuildFile section */

/* Begin PBXContainerItemProxy section */
		8D795CF51C605BC40094DC92 /* PBXContainerItemProxy */ = {
			isa = PBXContainerItemProxy;
			containerPortal = 8D795CD31C605BC30094DC92 /* Project object */;
			proxyType = 1;
			remoteGlobalIDString = 8D795CDA1C605BC30094DC92;
			remoteInfo = Caf2Mp3;
		};
		8D795D001C605BC40094DC92 /* PBXContainerItemProxy */ = {
			isa = PBXContainerItemProxy;
			containerPortal = 8D795CD31C605BC30094DC92 /* Project object */;
			proxyType = 1;
			remoteGlobalIDString = 8D795CDA1C605BC30094DC92;
			remoteInfo = Caf2Mp3;
		};
/* End PBXContainerItemProxy section */

/* Begin PBXFileReference section */
		8D795CDB1C605BC30094DC92 /* Caf2Mp3.app */ = {isa = PBXFileReference; explicitFileType = wrapper.application; includeInIndex = 0; path = Caf2Mp3.app; sourceTree = BUILT_PRODUCTS_DIR; };
		8D795CDF1C605BC30094DC92 /* main.m */ = {isa = PBXFileReference; lastKnownFileType = sourcecode.c.objc; path = main.m; sourceTree = "<group>"; };
		8D795CE11C605BC40094DC92 /* AppDelegate.h */ = {isa = PBXFileReference; lastKnownFileType = sourcecode.c.h; path = AppDelegate.h; sourceTree = "<group>"; };
		8D795CE21C605BC40094DC92 /* AppDelegate.m */ = {isa = PBXFileReference; lastKnownFileType = sourcecode.c.objc; path = AppDelegate.m; sourceTree = "<group>"; };
		8D795CE41C605BC40094DC92 /* ViewController.h */ = {isa = PBXFileReference; lastKnownFileType = sourcecode.c.h; path = ViewController.h; sourceTree = "<group>"; };
		8D795CE51C605BC40094DC92 /* ViewController.m */ = {isa = PBXFileReference; lastKnownFileType = sourcecode.c.objc; path = ViewController.m; sourceTree = "<group>"; };
		8D795CE81C605BC40094DC92 /* Base */ = {isa = PBXFileReference; lastKnownFileType = file.storyboard; name = Base; path = Base.lproj/Main.storyboard; sourceTree = "<group>"; };
		8D795CEA1C605BC40094DC92 /* Assets.xcassets */ = {isa = PBXFileReference; lastKnownFileType = folder.assetcatalog; path = Assets.xcassets; sourceTree = "<group>"; };
		8D795CED1C605BC40094DC92 /* Base */ = {isa = PBXFileReference; lastKnownFileType = file.storyboard; name = Base; path = Base.lproj/LaunchScreen.storyboard; sourceTree = "<group>"; };
		8D795CEF1C605BC40094DC92 /* Info.plist */ = {isa = PBXFileReference; lastKnownFileType = text.plist.xml; path = Info.plist; sourceTree = "<group>"; };
		8D795CF41C605BC40094DC92 /* Caf2Mp3Tests.xctest */ = {isa = PBXFileReference; explicitFileType = wrapper.cfbundle; includeInIndex = 0; path = Caf2Mp3Tests.xctest; sourceTree = BUILT_PRODUCTS_DIR; };
		8D795CF81C605BC40094DC92 /* Caf2Mp3Tests.m */ = {isa = PBXFileReference; lastKnownFileType = sourcecode.c.objc; path = Caf2Mp3Tests.m; sourceTree = "<group>"; };
		8D795CFA1C605BC40094DC92 /* Info.plist */ = {isa = PBXFileReference; lastKnownFileType = text.plist.xml; path = Info.plist; sourceTree = "<group>"; };
		8D795CFF1C605BC40094DC92 /* Caf2Mp3UITests.xctest */ = {isa = PBXFileReference; explicitFileType = wrapper.cfbundle; includeInIndex = 0; path = Caf2Mp3UITests.xctest; sourceTree = BUILT_PRODUCTS_DIR; };
		8D795D031C605BC40094DC92 /* Caf2Mp3UITests.m */ = {isa = PBXFileReference; lastKnownFileType = sourcecode.c.objc; path = Caf2Mp3UITests.m; sourceTree = "<group>"; };
		8D795D051C605BC40094DC92 /* Info.plist */ = {isa = PBXFileReference; lastKnownFileType = text.plist.xml; path = Info.plist; sourceTree = "<group>"; };
		8D795D111C605BEE0094DC92 /* lame.h */ = {isa = PBXFileReference; fileEncoding = 4; lastKnownFileType = sourcecode.c.h; path = lame.h; sourceTree = "<group>"; };
		8D795D121C605BEE0094DC92 /* libmp3lame.a */ = {isa = PBXFileReference; lastKnownFileType = archive.ar; path = libmp3lame.a; sourceTree = "<group>"; };
/* End PBXFileReference section */

/* Begin PBXFrameworksBuildPhase section */
		8D795CD81C605BC30094DC92 /* Frameworks */ = {
			isa = PBXFrameworksBuildPhase;
			buildActionMask = 2147483647;
			files = (
				8D795D131C605BEE0094DC92 /* libmp3lame.a in Frameworks */,
			);
			runOnlyForDeploymentPostprocessing = 0;
		};
		8D795CF11C605BC40094DC92 /* Frameworks */ = {
			isa = PBXFrameworksBuildPhase;
			buildActionMask = 2147483647;
			files = (
			);
			runOnlyForDeploymentPostprocessing = 0;
		};
		8D795CFC1C605BC40094DC92 /* Frameworks */ = {
			isa = PBXFrameworksBuildPhase;
			buildActionMask = 2147483647;
			files = (
			);
			runOnlyForDeploymentPostprocessing = 0;
		};
/* End PBXFrameworksBuildPhase section */

/* Begin PBXGroup section */
		8D795CD21C605BC30094DC92 = {
			isa = PBXGroup;
			children = (
				8D795CDD1C605BC30094DC92 /* Caf2Mp3 */,
				8D795CF71C605BC40094DC92 /* Caf2Mp3Tests */,
				8D795D021C605BC40094DC92 /* Caf2Mp3UITests */,
				8D795CDC1C605BC30094DC92 /* Products */,
			);
			sourceTree = "<group>";
		};
		8D795CDC1C605BC30094DC92 /* Products */ = {
			isa = PBXGroup;
			children = (
				8D795CDB1C605BC30094DC92 /* Caf2Mp3.app */,
				8D795CF41C605BC40094DC92 /* Caf2Mp3Tests.xctest */,
				8D795CFF1C605BC40094DC92 /* Caf2Mp3UITests.xctest */,
			);
			name = Products;
			sourceTree = "<group>";
		};
		8D795CDD1C605BC30094DC92 /* Caf2Mp3 */ = {
			isa = PBXGroup;
			children = (
				8D795D111C605BEE0094DC92 /* lame.h */,
				8D795D121C605BEE0094DC92 /* libmp3lame.a */,
				8D795CE11C605BC40094DC92 /* AppDelegate.h */,
				8D795CE21C605BC40094DC92 /* AppDelegate.m */,
				8D795CE41C605BC40094DC92 /* ViewController.h */,
				8D795CE51C605BC40094DC92 /* ViewController.m */,
				8D795CE71C605BC40094DC92 /* Main.storyboard */,
				8D795CEA1C605BC40094DC92 /* Assets.xcassets */,
				8D795CEC1C605BC40094DC92 /* LaunchScreen.storyboard */,
				8D795CEF1C605BC40094DC92 /* Info.plist */,
				8D795CDE1C605BC30094DC92 /* Supporting Files */,
			);
			path = Caf2Mp3;
			sourceTree = "<group>";
		};
		8D795CDE1C605BC30094DC92 /* Supporting Files */ = {
			isa = PBXGroup;
			children = (
				8D795CDF1C605BC30094DC92 /* main.m */,
			);
			name = "Supporting Files";
			sourceTree = "<group>";
		};
		8D795CF71C605BC40094DC92 /* Caf2Mp3Tests */ = {
			isa = PBXGroup;
			children = (
				8D795CF81C605BC40094DC92 /* Caf2Mp3Tests.m */,
				8D795CFA1C605BC40094DC92 /* Info.plist */,
			);
			path = Caf2Mp3Tests;
			sourceTree = "<group>";
		};
		8D795D021C605BC40094DC92 /* Caf2Mp3UITests */ = {
			isa = PBXGroup;
			children = (
				8D795D031C605BC40094DC92 /* Caf2Mp3UITests.m */,
				8D795D051C605BC40094DC92 /* Info.plist */,
			);
			path = Caf2Mp3UITests;
			sourceTree = "<group>";
		};
/* End PBXGroup section */

/* Begin PBXNativeTarget section */
		8D795CDA1C605BC30094DC92 /* Caf2Mp3 */ = {
			isa = PBXNativeTarget;
			buildConfigurationList = 8D795D081C605BC40094DC92 /* Build configuration list for PBXNativeTarget "Caf2Mp3" */;
			buildPhases = (
				8D795CD71C605BC30094DC92 /* Sources */,
				8D795CD81C605BC30094DC92 /* Frameworks */,
				8D795CD91C605BC30094DC92 /* Resources */,
			);
			buildRules = (
			);
			dependencies = (
			);
			name = Caf2Mp3;
			productName = Caf2Mp3;
			productReference = 8D795CDB1C605BC30094DC92 /* Caf2Mp3.app */;
			productType = "com.apple.product-type.application";
		};
		8D795CF31C605BC40094DC92 /* Caf2Mp3Tests */ = {
			isa = PBXNativeTarget;
			buildConfigurationList = 8D795D0B1C605BC40094DC92 /* Build configuration list for PBXNativeTarget "Caf2Mp3Tests" */;
			buildPhases = (
				8D795CF01C605BC40094DC92 /* Sources */,
				8D795CF11C605BC40094DC92 /* Frameworks */,
				8D795CF21C605BC40094DC92 /* Resources */,
			);
			buildRules = (
			);
			dependencies = (
				8D795CF61C605BC40094DC92 /* PBXTargetDependency */,
			);
			name = Caf2Mp3Tests;
			productName = Caf2Mp3Tests;
			productReference = 8D795CF41C605BC40094DC92 /* Caf2Mp3Tests.xctest */;
			productType = "com.apple.product-type.bundle.unit-test";
		};
		8D795CFE1C605BC40094DC92 /* Caf2Mp3UITests */ = {
			isa = PBXNativeTarget;
			buildConfigurationList = 8D795D0E1C605BC40094DC92 /* Build configuration list for PBXNativeTarget "Caf2Mp3UITests" */;
			buildPhases = (
				8D795CFB1C605BC40094DC92 /* Sources */,
				8D795CFC1C605BC40094DC92 /* Frameworks */,
				8D795CFD1C605BC40094DC92 /* Resources */,
			);
			buildRules = (
			);
			dependencies = (
				8D795D011C605BC40094DC92 /* PBXTargetDependency */,
			);
			name = Caf2Mp3UITests;
			productName = Caf2Mp3UITests;
			productReference = 8D795CFF1C605BC40094DC92 /* Caf2Mp3UITests.xctest */;
			productType = "com.apple.product-type.bundle.ui-testing";
		};
/* End PBXNativeTarget section */

/* Begin PBXProject section */
		8D795CD31C605BC30094DC92 /* Project object */ = {
			isa = PBXProject;
			attributes = {
				LastUpgradeCheck = 0720;
				ORGANIZATIONNAME = lidapeng;
				TargetAttributes = {
					8D795CDA1C605BC30094DC92 = {
						CreatedOnToolsVersion = 7.2;
					};
					8D795CF31C605BC40094DC92 = {
						CreatedOnToolsVersion = 7.2;
						TestTargetID = 8D795CDA1C605BC30094DC92;
					};
					8D795CFE1C605BC40094DC92 = {
						CreatedOnToolsVersion = 7.2;
						TestTargetID = 8D795CDA1C605BC30094DC92;
					};
				};
			};
			buildConfigurationList = 8D795CD61C605BC30094DC92 /* Build configuration list for PBXProject "Caf2Mp3" */;
			compatibilityVersion = "Xcode 3.2";
			developmentRegion = English;
			hasScannedForEncodings = 0;
			knownRegions = (
				en,
				Base,
			);
			mainGroup = 8D795CD21C605BC30094DC92;
			productRefGroup = 8D795CDC1C605BC30094DC92 /* Products */;
			projectDirPath = "";
			projectRoot = "";
			targets = (
				8D795CDA1C605BC30094DC92 /* Caf2Mp3 */,
				8D795CF31C605BC40094DC92 /* Caf2Mp3Tests */,
				8D795CFE1C605BC40094DC92 /* Caf2Mp3UITests */,
			);
		};
/* End PBXProject section */

/* Begin PBXResourcesBuildPhase section */
		8D795CD91C605BC30094DC92 /* Resources */ = {
			isa = PBXResourcesBuildPhase;
			buildActionMask = 2147483647;
			files = (
				8D795CEE1C605BC40094DC92 /* LaunchScreen.storyboard in Resources */,
				8D795CEB1C605BC40094DC92 /* Assets.xcassets in Resources */,
				8D795CE91C605BC40094DC92 /* Main.storyboard in Resources */,
			);
			runOnlyForDeploymentPostprocessing = 0;
		};
		8D795CF21C605BC40094DC92 /* Resources */ = {
			isa = PBXResourcesBuildPhase;
			buildActionMask = 2147483647;
			files = (
			);
			runOnlyForDeploymentPostprocessing = 0;
		};
		8D795CFD1C605BC40094DC92 /* Resources */ = {
			isa = PBXResourcesBuildPhase;
			buildActionMask = 2147483647;
			files = (
			);
			runOnlyForDeploymentPostprocessing = 0;
		};
/* End PBXResourcesBuildPhase section */

/* Begin PBXSourcesBuildPhase section */
		8D795CD71C605BC30094DC92 /* Sources */ = {
			isa = PBXSourcesBuildPhase;
			buildActionMask = 2147483647;
			files = (
				8D795CE61C605BC40094DC92 /* ViewController.m in Sources */,
				8D795CE31C605BC40094DC92 /* AppDelegate.m in Sources */,
				8D795CE01C605BC40094DC92 /* main.m in Sources */,
			);
			runOnlyForDeploymentPostprocessing = 0;
		};
		8D795CF01C605BC40094DC92 /* Sources */ = {
			isa = PBXSourcesBuildPhase;
			buildActionMask = 2147483647;
			files = (
				8D795CF91C605BC40094DC92 /* Caf2Mp3Tests.m in Sources */,
			);
			runOnlyForDeploymentPostprocessing = 0;
		};
		8D795CFB1C605BC40094DC92 /* Sources */ = {
			isa = PBXSourcesBuildPhase;
			buildActionMask = 2147483647;
			files = (
				8D795D041C605BC40094DC92 /* Caf2Mp3UITests.m in Sources */,
			);
			runOnlyForDeploymentPostprocessing = 0;
		};
/* End PBXSourcesBuildPhase section */

/* Begin PBXTargetDependency section */
		8D795CF61C605BC40094DC92 /* PBXTargetDependency */ = {
			isa = PBXTargetDependency;
			target = 8D795CDA1C605BC30094DC92 /* Caf2Mp3 */;
			targetProxy = 8D795CF51C605BC40094DC92 /* PBXContainerItemProxy */;
		};
		8D795D011C605BC40094DC92 /* PBXTargetDependency */ = {
			isa = PBXTargetDependency;
			target = 8D795CDA1C605BC30094DC92 /* Caf2Mp3 */;
			targetProxy = 8D795D001C605BC40094DC92 /* PBXContainerItemProxy */;
		};
/* End PBXTargetDependency section */

/* Begin PBXVariantGroup section */
		8D795CE71C605BC40094DC92 /* Main.storyboard */ = {
			isa = PBXVariantGroup;
			children = (
				8D795CE81C605BC40094DC92 /* Base */,
			);
			name = Main.storyboard;
			sourceTree = "<group>";
		};
		8D795CEC1C605BC40094DC92 /* LaunchScreen.storyboard */ = {
			isa = PBXVariantGroup;
			children = (
				8D795CED1C605BC40094DC92 /* Base */,
			);
			name = LaunchScreen.storyboard;
			sourceTree = "<group>";
		};
/* End PBXVariantGroup section */

/* Begin XCBuildConfiguration section */
		8D795D061C605BC40094DC92 /* Debug */ = {
			isa = XCBuildConfiguration;
			buildSettings = {
				ALWAYS_SEARCH_USER_PATHS = NO;
				CLANG_CXX_LANGUAGE_STANDARD = "gnu++0x";
				CLANG_CXX_LIBRARY = "libc++";
				CLANG_ENABLE_MODULES = YES;
				CLANG_ENABLE_OBJC_ARC = YES;
				CLANG_WARN_BOOL_CONVERSION = YES;
				CLANG_WARN_CONSTANT_CONVERSION = YES;
				CLANG_WARN_DIRECT_OBJC_ISA_USAGE = YES_ERROR;
				CLANG_WARN_EMPTY_BODY = YES;
				CLANG_WARN_ENUM_CONVERSION = YES;
				CLANG_WARN_INT_CONVERSION = YES;
				CLANG_WARN_OBJC_ROOT_CLASS = YES_ERROR;
				CLANG_WARN_UNREACHABLE_CODE = YES;
				CLANG_WARN__DUPLICATE_METHOD_MATCH = YES;
				"CODE_SIGN_IDENTITY[sdk=iphoneos*]" = "iPhone Developer";
				COPY_PHASE_STRIP = NO;
				DEBUG_INFORMATION_FORMAT = dwarf;
				ENABLE_STRICT_OBJC_MSGSEND = YES;
				ENABLE_TESTABILITY = YES;
				GCC_C_LANGUAGE_STANDARD = gnu99;
				GCC_DYNAMIC_NO_PIC = NO;
				GCC_NO_COMMON_BLOCKS = YES;
				GCC_OPTIMIZATION_LEVEL = 0;
				GCC_PREPROCESSOR_DEFINITIONS = (
					"DEBUG=1",
					"$(inherited)",
				);
				GCC_WARN_64_TO_32_BIT_CONVERSION = YES;
				GCC_WARN_ABOUT_RETURN_TYPE = YES_ERROR;
				GCC_WARN_UNDECLARED_SELECTOR = YES;
				GCC_WARN_UNINITIALIZED_AUTOS = YES_AGGRESSIVE;
				GCC_WARN_UNUSED_FUNCTION = YES;
				GCC_WARN_UNUSED_VARIABLE = YES;
				IPHONEOS_DEPLOYMENT_TARGET = 9.2;
				MTL_ENABLE_DEBUG_INFO = YES;
				ONLY_ACTIVE_ARCH = YES;
				SDKROOT = iphoneos;
				TARGETED_DEVICE_FAMILY = "1,2";
			};
			name = Debug;
		};
		8D795D071C605BC40094DC92 /* Release */ = {
			isa = XCBuildConfiguration;
			buildSettings = {
				ALWAYS_SEARCH_USER_PATHS = NO;
				CLANG_CXX_LANGUAGE_STANDARD = "gnu++0x";
				CLANG_CXX_LIBRARY = "libc++";
				CLANG_ENABLE_MODULES = YES;
				CLANG_ENABLE_OBJC_ARC = YES;
				CLANG_WARN_BOOL_CONVERSION = YES;
				CLANG_WARN_CONSTANT_CONVERSION = YES;
				CLANG_WARN_DIRECT_OBJC_ISA_USAGE = YES_ERROR;
				CLANG_WARN_EMPTY_BODY = YES;
				CLANG_WARN_ENUM_CONVERSION = YES;
				CLANG_WARN_INT_CONVERSION = YES;
				CLANG_WARN_OBJC_ROOT_CLASS = YES_ERROR;
				CLANG_WARN_UNREACHABLE_CODE = YES;
				CLANG_WARN__DUPLICATE_METHOD_MATCH = YES;
				"CODE_SIGN_IDENTITY[sdk=iphoneos*]" = "iPhone Developer";
				COPY_PHASE_STRIP = NO;
				DEBUG_INFORMATION_FORMAT = "dwarf-with-dsym";
				ENABLE_NS_ASSERTIONS = NO;
				ENABLE_STRICT_OBJC_MSGSEND = YES;
				GCC_C_LANGUAGE_STANDARD = gnu99;
				GCC_NO_COMMON_BLOCKS = YES;
				GCC_WARN_64_TO_32_BIT_CONVERSION = YES;
				GCC_WARN_ABOUT_RETURN_TYPE = YES_ERROR;
				GCC_WARN_UNDECLARED_SELECTOR = YES;
				GCC_WARN_UNINITIALIZED_AUTOS = YES_AGGRESSIVE;
				GCC_WARN_UNUSED_FUNCTION = YES;
				GCC_WARN_UNUSED_VARIABLE = YES;
				IPHONEOS_DEPLOYMENT_TARGET = 9.2;
				MTL_ENABLE_DEBUG_INFO = NO;
				SDKROOT = iphoneos;
				TARGETED_DEVICE_FAMILY = "1,2";
				VALIDATE_PRODUCT = YES;
			};
			name = Release;
		};
		8D795D091C605BC40094DC92 /* Debug */ = {
			isa = XCBuildConfiguration;
			buildSettings = {
				ASSETCATALOG_COMPILER_APPICON_NAME = AppIcon;
				INFOPLIST_FILE = Caf2Mp3/Info.plist;
				LD_RUNPATH_SEARCH_PATHS = "$(inherited) @executable_path/Frameworks";
				LIBRARY_SEARCH_PATHS = (
					"$(inherited)",
					"$(PROJECT_DIR)/Caf2Mp3",
				);
				PRODUCT_BUNDLE_IDENTIFIER = idap.Caf2Mp3;
				PRODUCT_NAME = "$(TARGET_NAME)";
			};
			name = Debug;
		};
		8D795D0A1C605BC40094DC92 /* Release */ = {
			isa = XCBuildConfiguration;
			buildSettings = {
				ASSETCATALOG_COMPILER_APPICON_NAME = AppIcon;
				INFOPLIST_FILE = Caf2Mp3/Info.plist;
				LD_RUNPATH_SEARCH_PATHS = "$(inherited) @executable_path/Frameworks";
				LIBRARY_SEARCH_PATHS = (
					"$(inherited)",
					"$(PROJECT_DIR)/Caf2Mp3",
				);
				PRODUCT_BUNDLE_IDENTIFIER = idap.Caf2Mp3;
				PRODUCT_NAME = "$(TARGET_NAME)";
			};
			name = Release;
		};
		8D795D0C1C605BC40094DC92 /* Debug */ = {
			isa = XCBuildConfiguration;
			buildSettings = {
				BUNDLE_LOADER = "$(TEST_HOST)";
				INFOPLIST_FILE = Caf2Mp3Tests/Info.plist;
				LD_RUNPATH_SEARCH_PATHS = "$(inherited) @executable_path/Frameworks @loader_path/Frameworks";
				PRODUCT_BUNDLE_IDENTIFIER = idap.Caf2Mp3Tests;
				PRODUCT_NAME = "$(TARGET_NAME)";
				TEST_HOST = "$(BUILT_PRODUCTS_DIR)/Caf2Mp3.app/Caf2Mp3";
			};
			name = Debug;
		};
		8D795D0D1C605BC40094DC92 /* Release */ = {
			isa = XCBuildConfiguration;
			buildSettings = {
				BUNDLE_LOADER = "$(TEST_HOST)";
				INFOPLIST_FILE = Caf2Mp3Tests/Info.plist;
				LD_RUNPATH_SEARCH_PATHS = "$(inherited) @executable_path/Frameworks @loader_path/Frameworks";
				PRODUCT_BUNDLE_IDENTIFIER = idap.Caf2Mp3Tests;
				PRODUCT_NAME = "$(TARGET_NAME)";
				TEST_HOST = "$(BUILT_PRODUCTS_DIR)/Caf2Mp3.app/Caf2Mp3";
			};
			name = Release;
		};
		8D795D0F1C605BC40094DC92 /* Debug */ = {
			isa = XCBuildConfiguration;
			buildSettings = {
				INFOPLIST_FILE = Caf2Mp3UITests/Info.plist;
				LD_RUNPATH_SEARCH_PATHS = "$(inherited) @executable_path/Frameworks @loader_path/Frameworks";
				PRODUCT_BUNDLE_IDENTIFIER = idap.Caf2Mp3UITests;
				PRODUCT_NAME = "$(TARGET_NAME)";
				TEST_TARGET_NAME = Caf2Mp3;
				USES_XCTRUNNER = YES;
			};
			name = Debug;
		};
		8D795D101C605BC40094DC92 /* Release */ = {
			isa = XCBuildConfiguration;
			buildSettings = {
				INFOPLIST_FILE = Caf2Mp3UITests/Info.plist;
				LD_RUNPATH_SEARCH_PATHS = "$(inherited) @executable_path/Frameworks @loader_path/Frameworks";
				PRODUCT_BUNDLE_IDENTIFIER = idap.Caf2Mp3UITests;
				PRODUCT_NAME = "$(TARGET_NAME)";
				TEST_TARGET_NAME = Caf2Mp3;
				USES_XCTRUNNER = YES;
			};
			name = Release;
		};
/* End XCBuildConfiguration section */

/* Begin XCConfigurationList section */
		8D795CD61C605BC30094DC92 /* Build configuration list for PBXProject "Caf2Mp3" */ = {
			isa = XCConfigurationList;
			buildConfigurations = (
				8D795D061C605BC40094DC92 /* Debug */,
				8D795D071C605BC40094DC92 /* Release */,
			);
			defaultConfigurationIsVisible = 0;
			defaultConfigurationName = Release;
		};
		8D795D081C605BC40094DC92 /* Build configuration list for PBXNativeTarget "Caf2Mp3" */ = {
			isa = XCConfigurationList;
			buildConfigurations = (
				8D795D091C605BC40094DC92 /* Debug */,
				8D795D0A1C605BC40094DC92 /* Release */,
			);
			defaultConfigurationIsVisible = 0;
		};
		8D795D0B1C605BC40094DC92 /* Build configuration list for PBXNativeTarget "Caf2Mp3Tests" */ = {
			isa = XCConfigurationList;
			buildConfigurations = (
				8D795D0C1C605BC40094DC92 /* Debug */,
				8D795D0D1C605BC40094DC92 /* Release */,
			);
			defaultConfigurationIsVisible = 0;
		};
		8D795D0E1C605BC40094DC92 /* Build configuration list for PBXNativeTarget "Caf2Mp3UITests" */ = {
			isa = XCConfigurationList;
			buildConfigurations = (
				8D795D0F1C605BC40094DC92 /* Debug */,
				8D795D101C605BC40094DC92 /* Release */,
			);
			defaultConfigurationIsVisible = 0;
		};
/* End XCConfigurationList section */
	};
	rootObject = 8D795CD31C605BC30094DC92 /* Project object */;
}
